
Microsoft Visual Studio Solution File, Format Version 12.00
# Visual Studio Version 17
VisualStudioVersion = 17.0.32126.317
MinimumVisualStudioVersion = 10.0.40219.1
Project("{9A19103F-16F7-4668-BE54-9A1E7A4F7556}") = "L1T1", "L1T1\L1T1.csproj", "{93E1F618-9B8E-4852-9770-D60FB48AEE68}"
EndProject
Project("{FAE04EC0-301F-11D3-BF4B-00C04F79EFBC}") = "L1T2", "L1T2\L1T2.csproj", "{F8288A18-2B4E-4A9C-B7CE-3B6D279EE1FA}"
EndProject
Global
	GlobalSection(SolutionConfigurationPlatforms) = preSolution
		Debug|Any CPU = Debug|Any CPU
		Release|Any CPU = Release|Any CPU
	EndGlobalSection
	GlobalSection(ProjectConfigurationPlatforms) = postSolution
		{93E1F618-9B8E-4852-9770-D60FB48AEE68}.Debug|Any CPU.ActiveCfg = Debug|Any CPU
		{93E1F618-9B8E-4852-9770-D60FB48AEE68}.Debug|Any CPU.Build.0 = Debug|Any CPU
		{93E1F618-9B8E-4852-9770-D60FB48AEE68}.Release|Any CPU.ActiveCfg = Release|Any CPU
		{93E1F618-9B8E-4852-9770-D60FB48AEE68}.Release|Any CPU.Build.0 = Release|Any CPU
		{F8288A18-2B4E-4A9C-B7CE-3B6D279EE1FA}.Debug|Any CPU.ActiveCfg = Debug|Any CPU
		{F8288A18-2B4E-4A9C-B7CE-3B6D279EE1FA}.Debug|Any CPU.Build.0 = Debug|Any CPU
		{F8288A18-2B4E-4A9C-B7CE-3B6D279EE1FA}.Release|Any CPU.ActiveCfg = Release|Any CPU
		{F8288A18-2B4E-4A9C-B7CE-3B6D279EE1FA}.Release|Any CPU.Build.0 = Release|Any CPU
	EndGlobalSection
	GlobalSection(SolutionProperties) = preSolution
		HideSolutionNode = FALSE
	EndGlobalSection
	GlobalSection(ExtensibilityGlobals) = postSolution
		SolutionGuid = {91FF875E-86D8-43E0-94DA-7302A319C0E2}
	EndGlobalSection
EndGlobal
